// !$*UTF8*$!
{
	archiveVersion = 1;
	classes = {
	};
	objectVersion = 52;
	objects = {

/* Begin PBXBuildFile section */
		52791D8D22BCF17600B386D8 /* main.swift in Sources */ = {isa = PBXBuildFile; fileRef = 52791D8C22BCF17600B386D8 /* main.swift */; };
		52791D9522BCF6AC00B386D8 /* CommandLineKit in Frameworks */ = {isa = PBXBuildFile; productRef = 52791D9422BCF6AC00B386D8 /* CommandLineKit */; };
		52791D9A22BCFF8200B386D8 /* UserApp.swift in Sources */ = {isa = PBXBuildFile; fileRef = 52791D9922BCFF8200B386D8 /* UserApp.swift */; };
		52791DA022BD0D1100B386D8 /* libxml2.2.dylib in Frameworks */ = {isa = PBXBuildFile; fileRef = 52791D9F22BD0D1100B386D8 /* libxml2.2.dylib */; };
		52791DAA22BD0D7300B386D8 /* NodeSet.swift in Sources */ = {isa = PBXBuildFile; fileRef = 52791DA322BD0D7300B386D8 /* NodeSet.swift */; };
		52791DAB22BD0D7300B386D8 /* Node.swift in Sources */ = {isa = PBXBuildFile; fileRef = 52791DA422BD0D7300B386D8 /* Node.swift */; };
		52791DAC22BD0D7300B386D8 /* Element.swift in Sources */ = {isa = PBXBuildFile; fileRef = 52791DA522BD0D7300B386D8 /* Element.swift */; };
		52791DAD22BD0D7300B386D8 /* Queryable.swift in Sources */ = {isa = PBXBuildFile; fileRef = 52791DA622BD0D7300B386D8 /* Queryable.swift */; };
		52791DAE22BD0D7300B386D8 /* Document.swift in Sources */ = {isa = PBXBuildFile; fileRef = 52791DA722BD0D7300B386D8 /* Document.swift */; };
		52791DAF22BD0D7300B386D8 /* Helpers.swift in Sources */ = {isa = PBXBuildFile; fileRef = 52791DA822BD0D7300B386D8 /* Helpers.swift */; };
		52791DB022BD0D7300B386D8 /* Error.swift in Sources */ = {isa = PBXBuildFile; fileRef = 52791DA922BD0D7300B386D8 /* Error.swift */; };
/* End PBXBuildFile section */

/* Begin PBXCopyFilesBuildPhase section */
		52791D8722BCF17600B386D8 /* CopyFiles */ = {
			isa = PBXCopyFilesBuildPhase;
			buildActionMask = 2147483647;
			dstPath = /usr/share/man/man1/;
			dstSubfolderSpec = 0;
			files = (
			);
			runOnlyForDeploymentPostprocessing = 1;
		};
/* End PBXCopyFilesBuildPhase section */

/* Begin PBXFileReference section */
		52791D8922BCF17600B386D8 /* cmd */ = {isa = PBXFileReference; explicitFileType = "compiled.mach-o.executable"; includeInIndex = 0; path = cmd; sourceTree = BUILT_PRODUCTS_DIR; };
		52791D8C22BCF17600B386D8 /* main.swift */ = {isa = PBXFileReference; lastKnownFileType = sourcecode.swift; path = main.swift; sourceTree = "<group>"; };
		52791D9922BCFF8200B386D8 /* UserApp.swift */ = {isa = PBXFileReference; lastKnownFileType = sourcecode.swift; path = UserApp.swift; sourceTree = "<group>"; };
		52791D9B22BD0C6300B386D8 /* libxml2.tbd */ = {isa = PBXFileReference; lastKnownFileType = "sourcecode.text-based-dylib-definition"; name = libxml2.tbd; path = usr/lib/libxml2.tbd; sourceTree = SDKROOT; };
		52791D9D22BD0C9D00B386D8 /* libxml2.2.tbd */ = {isa = PBXFileReference; lastKnownFileType = "sourcecode.text-based-dylib-definition"; name = libxml2.2.tbd; path = usr/lib/libxml2.2.tbd; sourceTree = SDKROOT; };
		52791D9F22BD0D1100B386D8 /* libxml2.2.dylib */ = {isa = PBXFileReference; lastKnownFileType = "compiled.mach-o.dylib"; name = libxml2.2.dylib; path = ../../../../../usr/lib/libxml2.2.dylib; sourceTree = "<group>"; };
		52791DA322BD0D7300B386D8 /* NodeSet.swift */ = {isa = PBXFileReference; fileEncoding = 4; lastKnownFileType = sourcecode.swift; name = NodeSet.swift; path = ../../../../Fuzi/Sources/NodeSet.swift; sourceTree = "<group>"; };
		52791DA422BD0D7300B386D8 /* Node.swift */ = {isa = PBXFileReference; fileEncoding = 4; lastKnownFileType = sourcecode.swift; name = Node.swift; path = ../../../../Fuzi/Sources/Node.swift; sourceTree = "<group>"; };
		52791DA522BD0D7300B386D8 /* Element.swift */ = {isa = PBXFileReference; fileEncoding = 4; lastKnownFileType = sourcecode.swift; name = Element.swift; path = ../../../../Fuzi/Sources/Element.swift; sourceTree = "<group>"; };
		52791DA622BD0D7300B386D8 /* Queryable.swift */ = {isa = PBXFileReference; fileEncoding = 4; lastKnownFileType = sourcecode.swift; name = Queryable.swift; path = ../../../../Fuzi/Sources/Queryable.swift; sourceTree = "<group>"; };
		52791DA722BD0D7300B386D8 /* Document.swift */ = {isa = PBXFileReference; fileEncoding = 4; lastKnownFileType = sourcecode.swift; name = Document.swift; path = ../../../../Fuzi/Sources/Document.swift; sourceTree = "<group>"; };
		52791DA822BD0D7300B386D8 /* Helpers.swift */ = {isa = PBXFileReference; fileEncoding = 4; lastKnownFileType = sourcecode.swift; name = Helpers.swift; path = ../../../../Fuzi/Sources/Helpers.swift; sourceTree = "<group>"; };
		52791DA922BD0D7300B386D8 /* Error.swift */ = {isa = PBXFileReference; fileEncoding = 4; lastKnownFileType = sourcecode.swift; name = Error.swift; path = ../../../../Fuzi/Sources/Error.swift; sourceTree = "<group>"; };
/* End PBXFileReference section */

/* Begin PBXFrameworksBuildPhase section */
		52791D8622BCF17600B386D8 /* Frameworks */ = {
			isa = PBXFrameworksBuildPhase;
			buildActionMask = 2147483647;
			files = (
				52791DA022BD0D1100B386D8 /* libxml2.2.dylib in Frameworks */,
				52791D9522BCF6AC00B386D8 /* CommandLineKit in Frameworks */,
			);
			runOnlyForDeploymentPostprocessing = 0;
		};
/* End PBXFrameworksBuildPhase section */

/* Begin PBXGroup section */
		52791D8022BCF17600B386D8 = {
			isa = PBXGroup;
			children = (
				52791D8B22BCF17600B386D8 /* cmd */,
				52791D8A22BCF17600B386D8 /* Products */,
				52791D9622BCF9BC00B386D8 /* Frameworks */,
			);
			sourceTree = "<group>";
		};
		52791D8A22BCF17600B386D8 /* Products */ = {
			isa = PBXGroup;
			children = (
				52791D8922BCF17600B386D8 /* cmd */,
			);
			name = Products;
			sourceTree = "<group>";
		};
		52791D8B22BCF17600B386D8 /* cmd */ = {
			isa = PBXGroup;
			children = (
				52791DA122BD0D6100B386D8 /* lib */,
				52791D8C22BCF17600B386D8 /* main.swift */,
				52791D9922BCFF8200B386D8 /* UserApp.swift */,
			);
			path = cmd;
			sourceTree = "<group>";
		};
		52791D9622BCF9BC00B386D8 /* Frameworks */ = {
			isa = PBXGroup;
			children = (
				52791D9F22BD0D1100B386D8 /* libxml2.2.dylib */,
				52791D9D22BD0C9D00B386D8 /* libxml2.2.tbd */,
				52791D9B22BD0C6300B386D8 /* libxml2.tbd */,
			);
			name = Frameworks;
			sourceTree = "<group>";
		};
		52791DA122BD0D6100B386D8 /* lib */ = {
			isa = PBXGroup;
			children = (
				52791DA222BD0D6800B386D8 /* fuzi */,
			);
			path = lib;
			sourceTree = "<group>";
		};
		52791DA222BD0D6800B386D8 /* fuzi */ = {
			isa = PBXGroup;
			children = (
				52791DA722BD0D7300B386D8 /* Document.swift */,
				52791DA522BD0D7300B386D8 /* Element.swift */,
				52791DA922BD0D7300B386D8 /* Error.swift */,
				52791DA822BD0D7300B386D8 /* Helpers.swift */,
				52791DA422BD0D7300B386D8 /* Node.swift */,
				52791DA322BD0D7300B386D8 /* NodeSet.swift */,
				52791DA622BD0D7300B386D8 /* Queryable.swift */,
			);
			path = fuzi;
			sourceTree = "<group>";
		};
/* End PBXGroup section */

/* Begin PBXNativeTarget section */
		52791D8822BCF17600B386D8 /* cmd */ = {
			isa = PBXNativeTarget;
			buildConfigurationList = 52791D9022BCF17600B386D8 /* Build configuration list for PBXNativeTarget "cmd" */;
			buildPhases = (
				52791D8522BCF17600B386D8 /* Sources */,
				52791D8622BCF17600B386D8 /* Frameworks */,
				52791D8722BCF17600B386D8 /* CopyFiles */,
			);
			buildRules = (
			);
			dependencies = (
			);
			name = cmd;
			packageProductDependencies = (
				52791D9422BCF6AC00B386D8 /* CommandLineKit */,
			);
			productName = cmd;
			productReference = 52791D8922BCF17600B386D8 /* cmd */;
			productType = "com.apple.product-type.tool";
		};
/* End PBXNativeTarget section */

/* Begin PBXProject section */
		52791D8122BCF17600B386D8 /* Project object */ = {
			isa = PBXProject;
			attributes = {
				LastSwiftUpdateCheck = 1100;
				LastUpgradeCheck = 1100;
				ORGANIZATIONNAME = "Ionel Lescai";
				TargetAttributes = {
					52791D8822BCF17600B386D8 = {
						CreatedOnToolsVersion = 11.0;
					};
				};
			};
			buildConfigurationList = 52791D8422BCF17600B386D8 /* Build configuration list for PBXProject "cmd" */;
			compatibilityVersion = "Xcode 9.3";
			developmentRegion = en;
			hasScannedForEncodings = 0;
			knownRegions = (
				en,
				Base,
			);
			mainGroup = 52791D8022BCF17600B386D8;
			packageReferences = (
				52791D9322BCF6AC00B386D8 /* XCRemoteSwiftPackageReference "CommandLineKit" */,
			);
			productRefGroup = 52791D8A22BCF17600B386D8 /* Products */;
			projectDirPath = "";
			projectRoot = "";
			targets = (
				52791D8822BCF17600B386D8 /* cmd */,
			);
		};
/* End PBXProject section */

/* Begin PBXSourcesBuildPhase section */
		52791D8522BCF17600B386D8 /* Sources */ = {
			isa = PBXSourcesBuildPhase;
			buildActionMask = 2147483647;
			files = (
				52791D9A22BCFF8200B386D8 /* UserApp.swift in Sources */,
				52791D8D22BCF17600B386D8 /* main.swift in Sources */,
				52791DAD22BD0D7300B386D8 /* Queryable.swift in Sources */,
				52791DAF22BD0D7300B386D8 /* Helpers.swift in Sources */,
				52791DAA22BD0D7300B386D8 /* NodeSet.swift in Sources */,
				52791DAB22BD0D7300B386D8 /* Node.swift in Sources */,
				52791DAE22BD0D7300B386D8 /* Document.swift in Sources */,
				52791DB022BD0D7300B386D8 /* Error.swift in Sources */,
				52791DAC22BD0D7300B386D8 /* Element.swift in Sources */,
			);
			runOnlyForDeploymentPostprocessing = 0;
		};
/* End PBXSourcesBuildPhase section */

/* Begin XCBuildConfiguration section */
		52791D8E22BCF17600B386D8 /* Debug */ = {
			isa = XCBuildConfiguration;
			buildSettings = {
				ALWAYS_SEARCH_USER_PATHS = NO;
				CLANG_ANALYZER_NONNULL = YES;
				CLANG_ANALYZER_NUMBER_OBJECT_CONVERSION = YES_AGGRESSIVE;
				CLANG_CXX_LANGUAGE_STANDARD = "gnu++14";
				CLANG_CXX_LIBRARY = "libc++";
				CLANG_ENABLE_MODULES = YES;
				CLANG_ENABLE_OBJC_ARC = YES;
				CLANG_ENABLE_OBJC_WEAK = YES;
				CLANG_WARN_BLOCK_CAPTURE_AUTORELEASING = YES;
				CLANG_WARN_BOOL_CONVERSION = YES;
				CLANG_WARN_COMMA = YES;
				CLANG_WARN_CONSTANT_CONVERSION = YES;
				CLANG_WARN_DEPRECATED_OBJC_IMPLEMENTATIONS = YES;
				CLANG_WARN_DIRECT_OBJC_ISA_USAGE = YES_ERROR;
				CLANG_WARN_DOCUMENTATION_COMMENTS = YES;
				CLANG_WARN_EMPTY_BODY = YES;
				CLANG_WARN_ENUM_CONVERSION = YES;
				CLANG_WARN_INFINITE_RECURSION = YES;
				CLANG_WARN_INT_CONVERSION = YES;
				CLANG_WARN_NON_LITERAL_NULL_CONVERSION = YES;
				CLANG_WARN_OBJC_IMPLICIT_RETAIN_SELF = YES;
				CLANG_WARN_OBJC_LITERAL_CONVERSION = YES;
				CLANG_WARN_OBJC_ROOT_CLASS = YES_ERROR;
				CLANG_WARN_RANGE_LOOP_ANALYSIS = YES;
				CLANG_WARN_STRICT_PROTOTYPES = YES;
				CLANG_WARN_SUSPICIOUS_MOVE = YES;
				CLANG_WARN_UNGUARDED_AVAILABILITY = YES_AGGRESSIVE;
				CLANG_WARN_UNREACHABLE_CODE = YES;
				CLANG_WARN__DUPLICATE_METHOD_MATCH = YES;
				COPY_PHASE_STRIP = NO;
				DEBUG_INFORMATION_FORMAT = dwarf;
				ENABLE_STRICT_OBJC_MSGSEND = YES;
				ENABLE_TESTABILITY = YES;
				GCC_C_LANGUAGE_STANDARD = gnu11;
				GCC_DYNAMIC_NO_PIC = NO;
				GCC_NO_COMMON_BLOCKS = YES;
				GCC_OPTIMIZATION_LEVEL = 0;
				GCC_PREPROCESSOR_DEFINITIONS = (
					"DEBUG=1",
					"$(inherited)",
				);
				GCC_WARN_64_TO_32_BIT_CONVERSION = YES;
				GCC_WARN_ABOUT_RETURN_TYPE = YES_ERROR;
				GCC_WARN_UNDECLARED_SELECTOR = YES;
				GCC_WARN_UNINITIALIZED_AUTOS = YES_AGGRESSIVE;
				GCC_WARN_UNUSED_FUNCTION = YES;
				GCC_WARN_UNUSED_VARIABLE = YES;
				MACOSX_DEPLOYMENT_TARGET = 10.14;
				MTL_ENABLE_DEBUG_INFO = INCLUDE_SOURCE;
				MTL_FAST_MATH = YES;
				ONLY_ACTIVE_ARCH = YES;
				SDKROOT = macosx;
				SWIFT_ACTIVE_COMPILATION_CONDITIONS = DEBUG;
				SWIFT_OPTIMIZATION_LEVEL = "-Onone";
			};
			name = Debug;
		};
		52791D8F22BCF17600B386D8 /* Release */ = {
			isa = XCBuildConfiguration;
			buildSettings = {
				ALWAYS_SEARCH_USER_PATHS = NO;
				CLANG_ANALYZER_NONNULL = YES;
				CLANG_ANALYZER_NUMBER_OBJECT_CONVERSION = YES_AGGRESSIVE;
				CLANG_CXX_LANGUAGE_STANDARD = "gnu++14";
				CLANG_CXX_LIBRARY = "libc++";
				CLANG_ENABLE_MODULES = YES;
				CLANG_ENABLE_OBJC_ARC = YES;
				CLANG_ENABLE_OBJC_WEAK = YES;
				CLANG_WARN_BLOCK_CAPTURE_AUTORELEASING = YES;
				CLANG_WARN_BOOL_CONVERSION = YES;
				CLANG_WARN_COMMA = YES;
				CLANG_WARN_CONSTANT_CONVERSION = YES;
				CLANG_WARN_DEPRECATED_OBJC_IMPLEMENTATIONS = YES;
				CLANG_WARN_DIRECT_OBJC_ISA_USAGE = YES_ERROR;
				CLANG_WARN_DOCUMENTATION_COMMENTS = YES;
				CLANG_WARN_EMPTY_BODY = YES;
				CLANG_WARN_ENUM_CONVERSION = YES;
				CLANG_WARN_INFINITE_RECURSION = YES;
				CLANG_WARN_INT_CONVERSION = YES;
				CLANG_WARN_NON_LITERAL_NULL_CONVERSION = YES;
				CLANG_WARN_OBJC_IMPLICIT_RETAIN_SELF = YES;
				CLANG_WARN_OBJC_LITERAL_CONVERSION = YES;
				CLANG_WARN_OBJC_ROOT_CLASS = YES_ERROR;
				CLANG_WARN_RANGE_LOOP_ANALYSIS = YES;
				CLANG_WARN_STRICT_PROTOTYPES = YES;
				CLANG_WARN_SUSPICIOUS_MOVE = YES;
				CLANG_WARN_UNGUARDED_AVAILABILITY = YES_AGGRESSIVE;
				CLANG_WARN_UNREACHABLE_CODE = YES;
				CLANG_WARN__DUPLICATE_METHOD_MATCH = YES;
				COPY_PHASE_STRIP = NO;
				DEBUG_INFORMATION_FORMAT = "dwarf-with-dsym";
				ENABLE_NS_ASSERTIONS = NO;
				ENABLE_STRICT_OBJC_MSGSEND = YES;
				GCC_C_LANGUAGE_STANDARD = gnu11;
				GCC_NO_COMMON_BLOCKS = YES;
				GCC_WARN_64_TO_32_BIT_CONVERSION = YES;
				GCC_WARN_ABOUT_RETURN_TYPE = YES_ERROR;
				GCC_WARN_UNDECLARED_SELECTOR = YES;
				GCC_WARN_UNINITIALIZED_AUTOS = YES_AGGRESSIVE;
				GCC_WARN_UNUSED_FUNCTION = YES;
				GCC_WARN_UNUSED_VARIABLE = YES;
				MACOSX_DEPLOYMENT_TARGET = 10.14;
				MTL_ENABLE_DEBUG_INFO = NO;
				MTL_FAST_MATH = YES;
				SDKROOT = macosx;
				SWIFT_COMPILATION_MODE = wholemodule;
				SWIFT_OPTIMIZATION_LEVEL = "-O";
			};
			name = Release;
		};
		52791D9122BCF17600B386D8 /* Debug */ = {
			isa = XCBuildConfiguration;
			buildSettings = {
				CODE_SIGN_STYLE = Automatic;
				PRODUCT_NAME = "$(TARGET_NAME)";
				SWIFT_VERSION = 5.0;
			};
			name = Debug;
		};
		52791D9222BCF17600B386D8 /* Release */ = {
			isa = XCBuildConfiguration;
			buildSettings = {
				CODE_SIGN_STYLE = Automatic;
				PRODUCT_NAME = "$(TARGET_NAME)";
				SWIFT_VERSION = 5.0;
			};
			name = Release;
		};
/* End XCBuildConfiguration section */

/* Begin XCConfigurationList section */
		52791D8422BCF17600B386D8 /* Build configuration list for PBXProject "cmd" */ = {
			isa = XCConfigurationList;
			buildConfigurations = (
				52791D8E22BCF17600B386D8 /* Debug */,
				52791D8F22BCF17600B386D8 /* Release */,
			);
			defaultConfigurationIsVisible = 0;
			defaultConfigurationName = Release;
		};
		52791D9022BCF17600B386D8 /* Build configuration list for PBXNativeTarget "cmd" */ = {
			isa = XCConfigurationList;
			buildConfigurations = (
				52791D9122BCF17600B386D8 /* Debug */,
				52791D9222BCF17600B386D8 /* Release */,
			);
			defaultConfigurationIsVisible = 0;
			defaultConfigurationName = Release;
		};
/* End XCConfigurationList section */

/* Begin XCRemoteSwiftPackageReference section */
		52791D9322BCF6AC00B386D8 /* XCRemoteSwiftPackageReference "CommandLineKit" */ = {
			isa = XCRemoteSwiftPackageReference;
			repositoryURL = "https://github.com/IngmarStein/CommandLineKit";
			requirement = {
				kind = upToNextMajorVersion;
				minimumVersion = 2.3.0;
			};
		};
/* End XCRemoteSwiftPackageReference section */

/* Begin XCSwiftPackageProductDependency section */
		52791D9422BCF6AC00B386D8 /* CommandLineKit */ = {
			isa = XCSwiftPackageProductDependency;
			package = 52791D9322BCF6AC00B386D8 /* XCRemoteSwiftPackageReference "CommandLineKit" */;
			productName = CommandLineKit;
		};
/* End XCSwiftPackageProductDependency section */
	};
	rootObject = 52791D8122BCF17600B386D8 /* Project object */;
}
